
Microsoft Visual Studio Solution File, Format Version 12.00
# Visual Studio Version 17
VisualStudioVersion = 17.11.35327.3
MinimumVisualStudioVersion = 10.0.40219.1
Project("{FAE04EC0-301F-11D3-BF4B-00C04F79EFBC}") = "ClimaticService", "ClimaticService\ClimaticService.csproj", "{836778A9-C689-4944-933F-986157DFCB6C}"
EndProject
Global
	GlobalSection(SolutionConfigurationPlatforms) = preSolution
		Debug|Any CPU = Debug|Any CPU
		Release|Any CPU = Release|Any CPU
	EndGlobalSection
	GlobalSection(ProjectConfigurationPlatforms) = postSolution
		{836778A9-C689-4944-933F-986157DFCB6C}.Debug|Any CPU.ActiveCfg = Debug|Any CPU
		{836778A9-C689-4944-933F-986157DFCB6C}.Debug|Any CPU.Build.0 = Debug|Any CPU
		{836778A9-C689-4944-933F-986157DFCB6C}.Release|Any CPU.ActiveCfg = Release|Any CPU
		{836778A9-C689-4944-933F-986157DFCB6C}.Release|Any CPU.Build.0 = Release|Any CPU
	EndGlobalSection
	GlobalSection(SolutionProperties) = preSolution
		HideSolutionNode = FALSE
	EndGlobalSection
	GlobalSection(ExtensibilityGlobals) = postSolution
		SolutionGuid = {FE13148C-64C4-42EE-98CC-06E59FD056B9}
	EndGlobalSection
EndGlobal
